
Microsoft Visual Studio Solution File, Format Version 12.00
# Visual Studio Version 17
VisualStudioVersion = 17.0.32014.148
MinimumVisualStudioVersion = 10.0.40219.1
Project("{FAE04EC0-301F-11D3-BF4B-00C04F79EFBC}") = "SplayRandTree", "SplayRandTree.csproj", "{E3027812-3F8D-46BB-A78B-065C626A2282}"
EndProject
Global
	GlobalSection(SolutionConfigurationPlatforms) = preSolution
		Debug|Any CPU = Debug|Any CPU
		Release|Any CPU = Release|Any CPU
	EndGlobalSection
	GlobalSection(ProjectConfigurationPlatforms) = postSolution
		{E3027812-3F8D-46BB-A78B-065C626A2282}.Debug|Any CPU.ActiveCfg = Debug|Any CPU
		{E3027812-3F8D-46BB-A78B-065C626A2282}.Debug|Any CPU.Build.0 = Debug|Any CPU
		{E3027812-3F8D-46BB-A78B-065C626A2282}.Release|Any CPU.ActiveCfg = Release|Any CPU
		{E3027812-3F8D-46BB-A78B-065C626A2282}.Release|Any CPU.Build.0 = Release|Any CPU
	EndGlobalSection
	GlobalSection(SolutionProperties) = preSolution
		HideSolutionNode = FALSE
	EndGlobalSection
	GlobalSection(ExtensibilityGlobals) = postSolution
		SolutionGuid = {E9A899F8-5EF7-45FD-8F75-6FCB68DC3EFE}
	EndGlobalSection
EndGlobal
